
Microsoft Visual Studio Solution File, Format Version 11.00
# Visual Studio 2010
Project("{8BC9CEB8-8B4A-11D0-8D11-00A0C91BC942}") = "win_socket_udp_client", "win_socket_udp_client\win_socket_udp_client.vcxproj", "{D7F3445E-61B1-4DCA-9A21-E2489EE12CB3}"
EndProject
Project("{8BC9CEB8-8B4A-11D0-8D11-00A0C91BC942}") = "win_socket_udp_server", "win_socket_udp_server\win_socket_udp_server.vcxproj", "{13904C7E-7C85-4493-96F5-072A781338EC}"
EndProject
Global
	GlobalSection(SolutionConfigurationPlatforms) = preSolution
		Debug|Win32 = Debug|Win32
		Release|Win32 = Release|Win32
	EndGlobalSection
	GlobalSection(ProjectConfigurationPlatforms) = postSolution
		{D7F3445E-61B1-4DCA-9A21-E2489EE12CB3}.Debug|Win32.ActiveCfg = Debug|Win32
		{D7F3445E-61B1-4DCA-9A21-E2489EE12CB3}.Debug|Win32.Build.0 = Debug|Win32
		{D7F3445E-61B1-4DCA-9A21-E2489EE12CB3}.Release|Win32.ActiveCfg = Release|Win32
		{D7F3445E-61B1-4DCA-9A21-E2489EE12CB3}.Release|Win32.Build.0 = Release|Win32
		{13904C7E-7C85-4493-96F5-072A781338EC}.Debug|Win32.ActiveCfg = Debug|Win32
		{13904C7E-7C85-4493-96F5-072A781338EC}.Debug|Win32.Build.0 = Debug|Win32
		{13904C7E-7C85-4493-96F5-072A781338EC}.Release|Win32.ActiveCfg = Release|Win32
		{13904C7E-7C85-4493-96F5-072A781338EC}.Release|Win32.Build.0 = Release|Win32
	EndGlobalSection
	GlobalSection(SolutionProperties) = preSolution
		HideSolutionNode = FALSE
	EndGlobalSection
EndGlobal
