<?xml version="1.0" encoding="utf-8"?>
<Project ToolsVersion="4.0" xmlns="http://schemas.microsoft.com/developer/msbuild/2003">
  <ItemGroup>
    <Filter Include="boost">
      <UniqueIdentifier>{22c4c596-a00a-46ec-ab7e-5274ac272bab}</UniqueIdentifier>
    </Filter>
    <Filter Include="boost\boost">
      <UniqueIdentifier>{f6fc1f64-9b72-4d4f-8b74-9f817e68f8fa}</UniqueIdentifier>
    </Filter>
    <Filter Include="boost\network">
      <UniqueIdentifier>{a079670a-04a6-481f-80e5-000e18556f89}</UniqueIdentifier>
    </Filter>
    <Filter Include="normal_cplusplus">
      <UniqueIdentifier>{22124ad2-db7a-48e5-81d9-d428f1c799cf}</UniqueIdentifier>
    </Filter>
    <Filter Include="normal_cplusplus\cplusplus">
      <UniqueIdentifier>{0eb09586-86f5-4463-8d01-bf3e94ce8598}</UniqueIdentifier>
    </Filter>
    <Filter Include="normal_cplusplus\template">
      <UniqueIdentifier>{27af3dfb-7b1c-4112-8fa1-df06515c26ef}</UniqueIdentifier>
    </Filter>
    <Filter Include="normal_cplusplus\stl">
      <UniqueIdentifier>{a3d26af9-7009-4f9d-89de-5e6ee9fdac1f}</UniqueIdentifier>
    </Filter>
    <Filter Include="normal_cplusplus\network">
      <UniqueIdentifier>{636fe99c-92dc-4183-85c8-3f9dbd4fa6fa}</UniqueIdentifier>
    </Filter>
    <Filter Include="normal_cplusplus\network\normal">
      <UniqueIdentifier>{34765028-9e1a-4dd6-80ab-eaa608bd64a5}</UniqueIdentifier>
    </Filter>
    <Filter Include="normal_cplusplus\network\epoll">
      <UniqueIdentifier>{75c7b749-efde-4aad-9c4a-33ff4b3e6e97}</UniqueIdentifier>
    </Filter>
    <Filter Include="normal_cplusplus\network\poll">
      <UniqueIdentifier>{3822382f-6745-435a-864a-453a1aca7176}</UniqueIdentifier>
    </Filter>
    <Filter Include="normal_cplusplus\network\select">
      <UniqueIdentifier>{9daf42e0-1223-48cc-83af-18b3832e1f73}</UniqueIdentifier>
    </Filter>
    <Filter Include="others">
      <UniqueIdentifier>{5916e5d1-7f0a-40ab-8b63-17c3428a5f69}</UniqueIdentifier>
    </Filter>
    <Filter Include="normal_cplusplus\interface">
      <UniqueIdentifier>{bb6a2f8f-df06-4750-9162-6fada84a495f}</UniqueIdentifier>
    </Filter>
    <Filter Include="normal_cplusplus\design">
      <UniqueIdentifier>{a3e9896f-37d7-4860-865a-b3cd3bd22ff3}</UniqueIdentifier>
    </Filter>
    <Filter Include="normal_cplusplus\thread_linux">
      <UniqueIdentifier>{7db27350-e5a8-497c-a0ad-0a110d69a0f3}</UniqueIdentifier>
    </Filter>
    <Filter Include="normal_cplusplus\thread_win">
      <UniqueIdentifier>{a4458db0-9c42-4e67-82db-2819655b4cb3}</UniqueIdentifier>
    </Filter>
    <Filter Include="boost\multiple_thread">
      <UniqueIdentifier>{23111761-5001-4f63-9d3a-210aa443737d}</UniqueIdentifier>
    </Filter>
    <Filter Include="normal_cplusplus\process_linux">
      <UniqueIdentifier>{0fe3d39c-b344-49b3-9e7f-47e8bf96e435}</UniqueIdentifier>
    </Filter>
    <Filter Include="normal_cplusplus\3rd">
      <UniqueIdentifier>{0020d2be-241c-4f46-b4a5-8177c1915621}</UniqueIdentifier>
    </Filter>
    <Filter Include="normal_cplusplus\3rd\md5">
      <UniqueIdentifier>{81272fd5-1525-4b7e-ad06-eca91be6cd6b}</UniqueIdentifier>
    </Filter>
    <Filter Include="normal_cplusplus\3rd\base64">
      <UniqueIdentifier>{55af93e0-4920-4ce5-a680-fc23532c1049}</UniqueIdentifier>
    </Filter>
    <Filter Include="normal_cplusplus\3rd\GoogleProtoSerialize">
      <UniqueIdentifier>{29b6fe7f-fea6-40f9-b411-a62b2a324531}</UniqueIdentifier>
    </Filter>
    <Filter Include="normal_cplusplus\3rd\protobuf_test">
      <UniqueIdentifier>{b7d7555f-d728-4560-9b2e-17daa82d352b}</UniqueIdentifier>
    </Filter>
  </ItemGroup>
  <ItemGroup>
    <ClCompile Include="others\map_erase_element_effective.cpp">
      <Filter>others</Filter>
    </ClCompile>
    <ClCompile Include="cpp_normal\cplusplus_friend_fun_class.cpp">
      <Filter>normal_cplusplus\cplusplus</Filter>
    </ClCompile>
    <ClCompile Include="cpp_normal\cplusplus_random_example.cpp">
      <Filter>normal_cplusplus\cplusplus</Filter>
    </ClCompile>
    <ClCompile Include="cpp_normal\cplusplus_time_test.cpp">
      <Filter>normal_cplusplus\cplusplus</Filter>
    </ClCompile>
    <ClCompile Include="cpp_normal\cpp_constructor_copying_cycle.cpp">
      <Filter>normal_cplusplus\cplusplus</Filter>
    </ClCompile>
    <ClCompile Include="cpp_normal\delegate_test.cpp">
      <Filter>normal_cplusplus\cplusplus</Filter>
    </ClCompile>
    <ClCompile Include="cpp_normal\functor_fun.cpp">
      <Filter>normal_cplusplus\cplusplus</Filter>
    </ClCompile>
    <ClCompile Include="cpp_normal\get_operator_fun_address.cpp">
      <Filter>normal_cplusplus\cplusplus</Filter>
    </ClCompile>
    <ClCompile Include="cpp_normal\i_plusplus_i_operator.cpp">
      <Filter>normal_cplusplus\cplusplus</Filter>
    </ClCompile>
    <ClCompile Include="cpp_normal\load_file_content_into_pchar.cpp">
      <Filter>normal_cplusplus\cplusplus</Filter>
    </ClCompile>
    <ClCompile Include="cpp_normal\log4cplus_test.cpp">
      <Filter>normal_cplusplus\cplusplus</Filter>
    </ClCompile>
    <ClCompile Include="cpp_normal\macro_FILE_warnning.cpp">
      <Filter>normal_cplusplus\cplusplus</Filter>
    </ClCompile>
    <ClCompile Include="cpp_normal\msg_dispatch.cpp">
      <Filter>normal_cplusplus\cplusplus</Filter>
    </ClCompile>
    <ClCompile Include="cpp_normal\new_operator_another_method.cpp">
      <Filter>normal_cplusplus\cplusplus</Filter>
    </ClCompile>
    <ClCompile Include="cpp_normal\non_boost_function_bind_usage.cpp">
      <Filter>normal_cplusplus\cplusplus</Filter>
    </ClCompile>
    <ClCompile Include="cpp_normal\normal_funciton_point.cpp">
      <Filter>normal_cplusplus\cplusplus</Filter>
    </ClCompile>
    <ClCompile Include="cpp_normal\not_template_bind_example.cpp">
      <Filter>normal_cplusplus\cplusplus</Filter>
    </ClCompile>
    <ClCompile Include="cpp_normal\random_shuffle_test.cpp">
      <Filter>normal_cplusplus\cplusplus</Filter>
    </ClCompile>
    <ClCompile Include="cpp_normal\set_container_random.cpp">
      <Filter>normal_cplusplus\cplusplus</Filter>
    </ClCompile>
    <ClCompile Include="cpp_normal\simple_file_read_and_write.cpp">
      <Filter>normal_cplusplus\cplusplus</Filter>
    </ClCompile>
    <ClCompile Include="cpp_normal\simple_random_02.cpp">
      <Filter>normal_cplusplus\cplusplus</Filter>
    </ClCompile>
    <ClCompile Include="cpp_normal\template_bind_example.cpp">
      <Filter>normal_cplusplus\cplusplus</Filter>
    </ClCompile>
    <ClCompile Include="cpp_normal\trie_example1.cpp">
      <Filter>normal_cplusplus\cplusplus</Filter>
    </ClCompile>
    <ClCompile Include="cpp_normal\trie_example2.cpp">
      <Filter>normal_cplusplus\cplusplus</Filter>
    </ClCompile>
    <ClCompile Include="cpp_normal\type_conversion_operator_fun.cpp">
      <Filter>normal_cplusplus\cplusplus</Filter>
    </ClCompile>
    <ClCompile Include="cpp_normal\va_start_va_end_va_list_example.cpp">
      <Filter>normal_cplusplus\cplusplus</Filter>
    </ClCompile>
    <ClCompile Include="cpp_normal\virtual_usage.cpp">
      <Filter>normal_cplusplus\cplusplus</Filter>
    </ClCompile>
    <ClCompile Include="cpp_normal\visit_class_fun_and_normal_fun.cpp">
      <Filter>normal_cplusplus\cplusplus</Filter>
    </ClCompile>
    <ClCompile Include="cpp_normal\win_calculate_costs_time.cpp">
      <Filter>normal_cplusplus\cplusplus</Filter>
    </ClCompile>
    <ClCompile Include="cpp_normal\a_named_pipe.cpp">
      <Filter>normal_cplusplus\cplusplus</Filter>
    </ClCompile>
    <ClCompile Include="cpp_normal\array_copy_snippet.cpp">
      <Filter>normal_cplusplus\cplusplus</Filter>
    </ClCompile>
    <ClCompile Include="cpp_normal\c_style_io_test.cpp">
      <Filter>normal_cplusplus\cplusplus</Filter>
    </ClCompile>
    <ClCompile Include="cpp_normal\class_assignment_pk_initialization.cpp">
      <Filter>normal_cplusplus\cplusplus</Filter>
    </ClCompile>
    <ClCompile Include="cpp_normal\class_function_point.cpp">
      <Filter>normal_cplusplus\cplusplus</Filter>
    </ClCompile>
    <ClCompile Include="cpp_normal\class_inline_class.cpp">
      <Filter>normal_cplusplus\cplusplus</Filter>
    </ClCompile>
    <ClCompile Include="cpp_normal\complex_fun_point.cpp">
      <Filter>normal_cplusplus\cplusplus</Filter>
    </ClCompile>
    <ClCompile Include="cpp_network\epoll\net_epoll_client.cpp">
      <Filter>normal_cplusplus\network\epoll</Filter>
    </ClCompile>
    <ClCompile Include="cpp_network\epoll\net_epoll_server.cpp">
      <Filter>normal_cplusplus\network\epoll</Filter>
    </ClCompile>
    <ClCompile Include="cpp_network\normal\net_normal_server.cpp">
      <Filter>normal_cplusplus\network\normal</Filter>
    </ClCompile>
    <ClCompile Include="cpp_network\normal\net_normal_client.cpp">
      <Filter>normal_cplusplus\network\normal</Filter>
    </ClCompile>
    <ClCompile Include="cpp_network\poll\net_poll_keyboard.cpp">
      <Filter>normal_cplusplus\network\poll</Filter>
    </ClCompile>
    <ClCompile Include="cpp_network\poll\net_poll_server.cpp">
      <Filter>normal_cplusplus\network\poll</Filter>
    </ClCompile>
    <ClCompile Include="cpp_network\poll\net_poll_client.cpp">
      <Filter>normal_cplusplus\network\poll</Filter>
    </ClCompile>
    <ClCompile Include="cpp_network\select\net_select_server.cpp">
      <Filter>normal_cplusplus\network\select</Filter>
    </ClCompile>
    <ClCompile Include="cpp_network\select\net_select_test.cpp">
      <Filter>normal_cplusplus\network\select</Filter>
    </ClCompile>
    <ClCompile Include="cpp_network\select\net_select_web_server.cpp">
      <Filter>normal_cplusplus\network\select</Filter>
    </ClCompile>
    <ClCompile Include="cpp_network\select\net_select_client.cpp">
      <Filter>normal_cplusplus\network\select</Filter>
    </ClCompile>
    <ClCompile Include="cpp_network\select\net_select_keyboard.cpp">
      <Filter>normal_cplusplus\network\select</Filter>
    </ClCompile>
    <ClCompile Include="cpp_network\select_module_keyboard.cpp">
      <Filter>normal_cplusplus\network</Filter>
    </ClCompile>
    <ClCompile Include="cpp_stl\vector_speed_by_set_capacity.cpp">
      <Filter>normal_cplusplus\stl</Filter>
    </ClCompile>
    <ClCompile Include="cpp_stl\vector_test.cpp">
      <Filter>normal_cplusplus\stl</Filter>
    </ClCompile>
    <ClCompile Include="cpp_stl\vector_iterator_err.cpp">
      <Filter>normal_cplusplus\stl</Filter>
    </ClCompile>
    <ClCompile Include="cpp_template\template_keyword_typename.cpp">
      <Filter>normal_cplusplus\template</Filter>
    </ClCompile>
    <ClCompile Include="cpp_template\typedef_typename_usage.cpp">
      <Filter>normal_cplusplus\template</Filter>
    </ClCompile>
    <ClCompile Include="cpp_template\typedef_combine_template_err.cpp">
      <Filter>normal_cplusplus\template</Filter>
    </ClCompile>
    <ClCompile Include="cpp_template\cplusplus_class_template.cpp">
      <Filter>normal_cplusplus\template</Filter>
    </ClCompile>
    <ClCompile Include="cpp_template\scarce_usage.cpp">
      <Filter>normal_cplusplus\template</Filter>
    </ClCompile>
    <ClCompile Include="cpp_interface\mysql_connector_cplusplus_use_procedure.cpp">
      <Filter>normal_cplusplus\interface</Filter>
    </ClCompile>
    <ClCompile Include="cpp_interface\mysql_multi_thread_conn_test.cpp">
      <Filter>normal_cplusplus\interface</Filter>
    </ClCompile>
    <ClCompile Include="cpp_interface\mysql_connector_cplusplus_conn_select_test.cpp">
      <Filter>normal_cplusplus\interface</Filter>
    </ClCompile>
    <ClCompile Include="cpp_design\Observer.cpp">
      <Filter>normal_cplusplus\design</Filter>
    </ClCompile>
    <ClCompile Include="cpp_design\SimpleFactoryPatternDemo.cpp">
      <Filter>normal_cplusplus\design</Filter>
    </ClCompile>
    <ClCompile Include="boost_normal\filesystem_copy_file_test.cpp">
      <Filter>boost\boost</Filter>
    </ClCompile>
    <ClCompile Include="boost_normal\filesystem_create_rm_parse_file.cpp">
      <Filter>boost\boost</Filter>
    </ClCompile>
    <ClCompile Include="boost_normal\filesystem_path_test.cpp">
      <Filter>boost\boost</Filter>
    </ClCompile>
    <ClCompile Include="boost_normal\filesystem_read_write_content_2_file.cpp">
      <Filter>boost\boost</Filter>
    </ClCompile>
    <ClCompile Include="boost_normal\filesystem_savefile_del_oldfile.cpp">
      <Filter>boost\boost</Filter>
    </ClCompile>
    <ClCompile Include="boost_normal\functio_return_value_life_cycle.cpp">
      <Filter>boost\boost</Filter>
    </ClCompile>
    <ClCompile Include="boost_normal\function_bypass_parameter_usage.cpp">
      <Filter>boost\boost</Filter>
    </ClCompile>
    <ClCompile Include="boost_normal\function_lib_test.cpp">
      <Filter>boost\boost</Filter>
    </ClCompile>
    <ClCompile Include="boost_normal\header_content_staticfun_included_by_multicpp_err.cpp">
      <Filter>boost\boost</Filter>
    </ClCompile>
    <ClCompile Include="boost_normal\io_service_common_test.cpp">
      <Filter>boost\boost</Filter>
    </ClCompile>
    <ClCompile Include="boost_normal\io_service_run_inline_thread.cpp">
      <Filter>boost\boost</Filter>
    </ClCompile>
    <ClCompile Include="boost_normal\judge_task_io_service_reactor_type.cpp">
      <Filter>boost\boost</Filter>
    </ClCompile>
    <ClCompile Include="boost_normal\linux_get_file_property.cpp">
      <Filter>boost\boost</Filter>
    </ClCompile>
    <ClCompile Include="boost_normal\multi_index_add_up_view.cpp">
      <Filter>boost\boost</Filter>
    </ClCompile>
    <ClCompile Include="boost_normal\print_thread_id_code_spipet.cpp">
      <Filter>boost\boost</Filter>
    </ClCompile>
    <ClCompile Include="boost_normal\property_tree_rw_ini_file.cpp">
      <Filter>boost\boost</Filter>
    </ClCompile>
    <ClCompile Include="boost_normal\property_tree_write_read_json.cpp">
      <Filter>boost\boost</Filter>
    </ClCompile>
    <ClCompile Include="boost_normal\ptime_detail_ymdhms.cpp">
      <Filter>boost\boost</Filter>
    </ClCompile>
    <ClCompile Include="boost_normal\replace_all_non_chinese_chs.cpp">
      <Filter>boost\boost</Filter>
    </ClCompile>
    <ClCompile Include="boost_normal\shared_ptr_cyclic_references.cpp">
      <Filter>boost\boost</Filter>
    </ClCompile>
    <ClCompile Include="boost_normal\shared_ptr_use_count_in_multiuse_method.cpp">
      <Filter>boost\boost</Filter>
    </ClCompile>
    <ClCompile Include="boost_normal\steady_clock_test.cpp">
      <Filter>boost\boost</Filter>
    </ClCompile>
    <ClCompile Include="boost_normal\steady_timer_test.cpp">
      <Filter>boost\boost</Filter>
    </ClCompile>
    <ClCompile Include="boost_normal\string_algo_snippet.cpp">
      <Filter>boost\boost</Filter>
    </ClCompile>
    <ClCompile Include="boost_normal\tuple_test.cpp">
      <Filter>boost\boost</Filter>
    </ClCompile>
    <ClCompile Include="boost_normal\unified_com_client_M_test_stopfun_count.cpp">
      <Filter>boost\boost</Filter>
    </ClCompile>
    <ClCompile Include="boost_normal\use_io_service_wrap.cpp">
      <Filter>boost\boost</Filter>
    </ClCompile>
    <ClCompile Include="boost_normal\wrap_usage.cpp">
      <Filter>boost\boost</Filter>
    </ClCompile>
    <ClCompile Include="boost_normal\a_web_weak_ptr_header.cpp">
      <Filter>boost\boost</Filter>
    </ClCompile>
    <ClCompile Include="boost_normal\atomic_test.cpp">
      <Filter>boost\boost</Filter>
    </ClCompile>
    <ClCompile Include="boost_normal\bind_life_cycle_example.cpp">
      <Filter>boost\boost</Filter>
    </ClCompile>
    <ClCompile Include="boost_normal\bind_stl_fun.cpp">
      <Filter>boost\boost</Filter>
    </ClCompile>
    <ClCompile Include="boost_normal\bind_test.cpp">
      <Filter>boost\boost</Filter>
    </ClCompile>
    <ClCompile Include="boost_normal\boost_example_01.cpp">
      <Filter>boost\boost</Filter>
    </ClCompile>
    <ClCompile Include="boost_normal\boost_function_bind_mixed_usage.cpp">
      <Filter>boost\boost</Filter>
    </ClCompile>
    <ClCompile Include="boost_normal\boost_multi_index_test.cpp">
      <Filter>boost\boost</Filter>
    </ClCompile>
    <ClCompile Include="boost_normal\boost_random.cpp">
      <Filter>boost\boost</Filter>
    </ClCompile>
    <ClCompile Include="boost_normal\calculate_fun_duration_time.cpp">
      <Filter>boost\boost</Filter>
    </ClCompile>
    <ClCompile Include="boost_normal\cancle_steady_timer.cpp">
      <Filter>boost\boost</Filter>
    </ClCompile>
    <ClCompile Include="boost_normal\coroutine_test.cpp">
      <Filter>boost\boost</Filter>
    </ClCompile>
    <ClCompile Include="boost_normal\cpp_virtual_fun_post_test.cpp">
      <Filter>boost\boost</Filter>
    </ClCompile>
    <ClCompile Include="boost_network\asio_udp_server.cpp">
      <Filter>boost\network</Filter>
    </ClCompile>
    <ClCompile Include="boost_network\async_tcp_service0.cpp">
      <Filter>boost\network</Filter>
    </ClCompile>
    <ClCompile Include="boost_network\async_tcp_service1.cpp">
      <Filter>boost\network</Filter>
    </ClCompile>
    <ClCompile Include="boost_network\ipv6_test.cpp">
      <Filter>boost\network</Filter>
    </ClCompile>
    <ClCompile Include="boost_network\sync_tcp_client.cpp">
      <Filter>boost\network</Filter>
    </ClCompile>
    <ClCompile Include="boost_network\asio_udp_client.cpp">
      <Filter>boost\network</Filter>
    </ClCompile>
    <ClCompile Include="boost_multi_thread\thread_local_data_save.cpp">
      <Filter>boost\multiple_thread</Filter>
    </ClCompile>
    <ClCompile Include="boost_multi_thread\thread_mutex.cpp">
      <Filter>boost\multiple_thread</Filter>
    </ClCompile>
    <ClCompile Include="boost_multi_thread\once_outine_test.cpp">
      <Filter>boost\multiple_thread</Filter>
    </ClCompile>
    <ClCompile Include="boost_multi_thread\thread_condition_test.cpp">
      <Filter>boost\multiple_thread</Filter>
    </ClCompile>
    <ClCompile Include="boost_normal\cpp_fun_para_not_in_order.cpp">
      <Filter>boost\boost</Filter>
    </ClCompile>
    <ClCompile Include="others\rapidjson_test.cpp">
      <Filter>others</Filter>
    </ClCompile>
    <ClCompile Include="boost_normal\string_split_test.cpp">
      <Filter>boost\boost</Filter>
    </ClCompile>
    <ClCompile Include="thread_win\simple_thread_create_close.cpp">
      <Filter>normal_cplusplus\thread_win</Filter>
    </ClCompile>
    <ClCompile Include="thread_win\Inter_operate_shareddata.cpp">
      <Filter>normal_cplusplus\thread_win</Filter>
    </ClCompile>
    <ClCompile Include="thread_win\thread_Section.cpp">
      <Filter>normal_cplusplus\thread_win</Filter>
    </ClCompile>
    <ClCompile Include="thread_win\thread_Event.cpp">
      <Filter>normal_cplusplus\thread_win</Filter>
    </ClCompile>
    <ClCompile Include="thread_win\thread_semaphore.cpp">
      <Filter>normal_cplusplus\thread_win</Filter>
    </ClCompile>
    <ClCompile Include="boost_normal\array_test.cpp">
      <Filter>boost\boost</Filter>
    </ClCompile>
    <ClCompile Include="cpp_normal\twoFileContentsMerge.cpp">
      <Filter>normal_cplusplus\cplusplus</Filter>
    </ClCompile>
    <ClCompile Include="cpp_normal\fflush_test.cpp">
      <Filter>normal_cplusplus\cplusplus</Filter>
    </ClCompile>
    <ClCompile Include="cpp_normal\template_err_case1.cpp">
      <Filter>normal_cplusplus\cplusplus</Filter>
    </ClCompile>
    <ClCompile Include="cpp_normal\compare_files_contents.cpp">
      <Filter>normal_cplusplus\cplusplus</Filter>
    </ClCompile>
    <ClCompile Include="cpp_interface\mysql_connector_direct.cpp">
      <Filter>normal_cplusplus\interface</Filter>
    </ClCompile>
    <ClCompile Include="others\test_execute_3rd_process.cpp">
      <Filter>others</Filter>
    </ClCompile>
    <ClCompile Include="thread_linux\prod_no_condvar.c">
      <Filter>normal_cplusplus\thread_linux</Filter>
    </ClCompile>
    <ClCompile Include="thread_linux\simple_thread.c">
      <Filter>normal_cplusplus\thread_linux</Filter>
    </ClCompile>
    <ClCompile Include="thread_linux\thread_1w_multiR.c">
      <Filter>normal_cplusplus\thread_linux</Filter>
    </ClCompile>
    <ClCompile Include="thread_linux\thread_call_classFun.c">
      <Filter>normal_cplusplus\thread_linux</Filter>
    </ClCompile>
    <ClCompile Include="thread_linux\thread_incr.c">
      <Filter>normal_cplusplus\thread_linux</Filter>
    </ClCompile>
    <ClCompile Include="thread_linux\thread_incr_mutex.c">
      <Filter>normal_cplusplus\thread_linux</Filter>
    </ClCompile>
    <ClCompile Include="thread_linux\thread_multijoin.c">
      <Filter>normal_cplusplus\thread_linux</Filter>
    </ClCompile>
    <ClCompile Include="thread_linux\ChangeUnThreadSafeFun.c">
      <Filter>normal_cplusplus\thread_linux</Filter>
    </ClCompile>
    <ClCompile Include="thread_linux\inputdata_and_localdata_threasafe.c">
      <Filter>normal_cplusplus\thread_linux</Filter>
    </ClCompile>
    <ClCompile Include="thread_linux\postFun2Thread.c">
      <Filter>normal_cplusplus\thread_linux</Filter>
    </ClCompile>
    <ClCompile Include="thread_linux\prod_condvar.c">
      <Filter>normal_cplusplus\thread_linux</Filter>
    </ClCompile>
    <ClCompile Include="process_linux\simple_process.c">
      <Filter>normal_cplusplus\process_linux</Filter>
    </ClCompile>
    <ClCompile Include="cpp_stl\test_map_userdef_sort.cpp">
      <Filter>normal_cplusplus\stl</Filter>
    </ClCompile>
    <ClCompile Include="others\parse_json_contents_to_simple_text.cpp">
      <Filter>others</Filter>
    </ClCompile>
    <ClCompile Include="others\getMusic163SongsCommentsInfo.cpp">
      <Filter>others</Filter>
    </ClCompile>
    <ClCompile Include="cpp_normal\product_random_num_base_from_time.cpp">
      <Filter>normal_cplusplus\cplusplus</Filter>
    </ClCompile>
    <ClCompile Include="cpp_normal\happyNumber.cpp">
      <Filter>normal_cplusplus\cplusplus</Filter>
    </ClCompile>
    <ClCompile Include="3rd\tools.cpp">
      <Filter>normal_cplusplus\3rd</Filter>
    </ClCompile>
    <ClCompile Include="3rd\md5\md5.cpp">
      <Filter>normal_cplusplus\3rd\md5</Filter>
    </ClCompile>
    <ClCompile Include="3rd\md5\md5test.cpp">
      <Filter>normal_cplusplus\3rd\md5</Filter>
    </ClCompile>
    <ClCompile Include="3rd\base64\base64.cpp">
      <Filter>normal_cplusplus\3rd\base64</Filter>
    </ClCompile>
    <ClCompile Include="3rd\base64\test.cpp">
      <Filter>normal_cplusplus\3rd\base64</Filter>
    </ClCompile>
    <ClCompile Include="3rd\GoogleProtoSerialize\SerializeProtoBufTest.cpp">
      <Filter>normal_cplusplus\3rd\GoogleProtoSerialize</Filter>
    </ClCompile>
    <ClCompile Include="boost_normal\parse_string.cpp">
      <Filter>boost\boost</Filter>
    </ClCompile>
    <ClCompile Include="3rd\protobuf_test\lm.helloworld.pb.cc">
      <Filter>normal_cplusplus\3rd\protobuf_test</Filter>
    </ClCompile>
    <ClCompile Include="3rd\protobuf_test\main.cpp">
      <Filter>normal_cplusplus\3rd\protobuf_test</Filter>
    </ClCompile>
  </ItemGroup>
  <ItemGroup>
    <ClInclude Include="3rd\md5\md5.h">
      <Filter>normal_cplusplus\3rd\md5</Filter>
    </ClInclude>
    <ClInclude Include="3rd\base64\base64.h">
      <Filter>normal_cplusplus\3rd\base64</Filter>
    </ClInclude>
    <ClInclude Include="3rd\protobuf_test\lm.helloworld.pb.h">
      <Filter>normal_cplusplus\3rd\protobuf_test</Filter>
    </ClInclude>
  </ItemGroup>
  <ItemGroup>
    <None Include="3rd\protobuf_test\lm.helloworld.proto">
      <Filter>normal_cplusplus\3rd\protobuf_test</Filter>
    </None>
  </ItemGroup>
</Project>