
Microsoft Visual Studio Solution File, Format Version 11.00
# Visual Studio 2010
Project("{8BC9CEB8-8B4A-11D0-8D11-00A0C91BC942}") = "static_dll", "static_dll\static_dll.vcxproj", "{06748D46-2BC9-41A4-AF98-172E1ABFF85D}"
EndProject
Global
	GlobalSection(SolutionConfigurationPlatforms) = preSolution
		Debug|Win32 = Debug|Win32
		Release|Win32 = Release|Win32
	EndGlobalSection
	GlobalSection(ProjectConfigurationPlatforms) = postSolution
		{06748D46-2BC9-41A4-AF98-172E1ABFF85D}.Debug|Win32.ActiveCfg = Debug|Win32
		{06748D46-2BC9-41A4-AF98-172E1ABFF85D}.Debug|Win32.Build.0 = Debug|Win32
		{06748D46-2BC9-41A4-AF98-172E1ABFF85D}.Release|Win32.ActiveCfg = Release|Win32
		{06748D46-2BC9-41A4-AF98-172E1ABFF85D}.Release|Win32.Build.0 = Release|Win32
	EndGlobalSection
	GlobalSection(SolutionProperties) = preSolution
		HideSolutionNode = FALSE
	EndGlobalSection
EndGlobal
