
Microsoft Visual Studio Solution File, Format Version 11.00
# Visual Studio 2010
Project("{8BC9CEB8-8B4A-11D0-8D11-00A0C91BC942}") = "shared_dll", "shared_dll\shared_dll.vcxproj", "{C749785C-99CD-400A-8F00-5C1EE248F55F}"
EndProject
Global
	GlobalSection(SolutionConfigurationPlatforms) = preSolution
		Debug|Win32 = Debug|Win32
		Release|Win32 = Release|Win32
	EndGlobalSection
	GlobalSection(ProjectConfigurationPlatforms) = postSolution
		{C749785C-99CD-400A-8F00-5C1EE248F55F}.Debug|Win32.ActiveCfg = Debug|Win32
		{C749785C-99CD-400A-8F00-5C1EE248F55F}.Debug|Win32.Build.0 = Debug|Win32
		{C749785C-99CD-400A-8F00-5C1EE248F55F}.Release|Win32.ActiveCfg = Release|Win32
		{C749785C-99CD-400A-8F00-5C1EE248F55F}.Release|Win32.Build.0 = Release|Win32
	EndGlobalSection
	GlobalSection(SolutionProperties) = preSolution
		HideSolutionNode = FALSE
	EndGlobalSection
EndGlobal
