
Microsoft Visual Studio Solution File, Format Version 11.00
# Visual Studio 2010
Project("{8BC9CEB8-8B4A-11D0-8D11-00A0C91BC942}") = "multi_dialog_communicate", "multi_dialog_communicate\multi_dialog_communicate.vcxproj", "{676AC607-BB7E-48BA-AA45-624DC125CED0}"
EndProject
Global
	GlobalSection(SolutionConfigurationPlatforms) = preSolution
		Debug|Win32 = Debug|Win32
		Release|Win32 = Release|Win32
	EndGlobalSection
	GlobalSection(ProjectConfigurationPlatforms) = postSolution
		{676AC607-BB7E-48BA-AA45-624DC125CED0}.Debug|Win32.ActiveCfg = Debug|Win32
		{676AC607-BB7E-48BA-AA45-624DC125CED0}.Debug|Win32.Build.0 = Debug|Win32
		{676AC607-BB7E-48BA-AA45-624DC125CED0}.Release|Win32.ActiveCfg = Release|Win32
		{676AC607-BB7E-48BA-AA45-624DC125CED0}.Release|Win32.Build.0 = Release|Win32
	EndGlobalSection
	GlobalSection(SolutionProperties) = preSolution
		HideSolutionNode = FALSE
	EndGlobalSection
EndGlobal
